// !$*UTF8*$!
{
	archiveVersion = 1;
	classes = {
	};
	objectVersion = 46;
	objects = {

/* Begin PBXBuildFile section */
		2094A97C1C75325D001277E9 /* AppDelegate.swift in Sources */ = {isa = PBXBuildFile; fileRef = 2094A97B1C75325D001277E9 /* AppDelegate.swift */; };
		2094A97E1C75325D001277E9 /* ViewController.swift in Sources */ = {isa = PBXBuildFile; fileRef = 2094A97D1C75325D001277E9 /* ViewController.swift */; };
		2094A9811C75325D001277E9 /* Main.storyboard in Resources */ = {isa = PBXBuildFile; fileRef = 2094A97F1C75325D001277E9 /* Main.storyboard */; };
		2094A9831C75325D001277E9 /* Assets.xcassets in Resources */ = {isa = PBXBuildFile; fileRef = 2094A9821C75325D001277E9 /* Assets.xcassets */; };
		2094A9861C75325D001277E9 /* LaunchScreen.storyboard in Resources */ = {isa = PBXBuildFile; fileRef = 2094A9841C75325D001277E9 /* LaunchScreen.storyboard */; };
/* End PBXBuildFile section */

/* Begin PBXFileReference section */
		2094A9781C75325D001277E9 /* Tapper.app */ = {isa = PBXFileReference; explicitFileType = wrapper.application; includeInIndex = 0; path = Tapper.app; sourceTree = BUILT_PRODUCTS_DIR; };
		2094A97B1C75325D001277E9 /* AppDelegate.swift */ = {isa = PBXFileReference; lastKnownFileType = sourcecode.swift; path = AppDelegate.swift; sourceTree = "<group>"; };
		2094A97D1C75325D001277E9 /* ViewController.swift */ = {isa = PBXFileReference; lastKnownFileType = sourcecode.swift; path = ViewController.swift; sourceTree = "<group>"; };
		2094A9801C75325D001277E9 /* Base */ = {isa = PBXFileReference; lastKnownFileType = file.storyboard; name = Base; path = Base.lproj/Main.storyboard; sourceTree = "<group>"; };
		2094A9821C75325D001277E9 /* Assets.xcassets */ = {isa = PBXFileReference; lastKnownFileType = folder.assetcatalog; path = Assets.xcassets; sourceTree = "<group>"; };
		2094A9851C75325D001277E9 /* Base */ = {isa = PBXFileReference; lastKnownFileType = file.storyboard; name = Base; path = Base.lproj/LaunchScreen.storyboard; sourceTree = "<group>"; };
		2094A9871C75325D001277E9 /* Info.plist */ = {isa = PBXFileReference; lastKnownFileType = text.plist.xml; path = Info.plist; sourceTree = "<group>"; };
/* End PBXFileReference section */

/* Begin PBXFrameworksBuildPhase section */
		2094A9751C75325D001277E9 /* Frameworks */ = {
			isa = PBXFrameworksBuildPhase;
			buildActionMask = 2147483647;
			files = (
			);
			runOnlyForDeploymentPostprocessing = 0;
		};
/* End PBXFrameworksBuildPhase section */

/* Begin PBXGroup section */
		2094A96F1C75325D001277E9 = {
			isa = PBXGroup;
			children = (
				2094A97A1C75325D001277E9 /* Tapper */,
				2094A9791C75325D001277E9 /* Products */,
			);
			sourceTree = "<group>";
		};
		2094A9791C75325D001277E9 /* Products */ = {
			isa = PBXGroup;
			children = (
				2094A9781C75325D001277E9 /* Tapper.app */,
			);
			name = Products;
			sourceTree = "<group>";
		};
		2094A97A1C75325D001277E9 /* Tapper */ = {
			isa = PBXGroup;
			children = (
				2094A97B1C75325D001277E9 /* AppDelegate.swift */,
				2094A97D1C75325D001277E9 /* ViewController.swift */,
				2094A97F1C75325D001277E9 /* Main.storyboard */,
				2094A9821C75325D001277E9 /* Assets.xcassets */,
				2094A9841C75325D001277E9 /* LaunchScreen.storyboard */,
				2094A9871C75325D001277E9 /* Info.plist */,
			);
			path = Tapper;
			sourceTree = "<group>";
		};
/* End PBXGroup section */

/* Begin PBXNativeTarget section */
		2094A9771C75325D001277E9 /* Tapper */ = {
			isa = PBXNativeTarget;
			buildConfigurationList = 2094A98A1C75325D001277E9 /* Build configuration list for PBXNativeTarget "Tapper" */;
			buildPhases = (
				2094A9741C75325D001277E9 /* Sources */,
				2094A9751C75325D001277E9 /* Frameworks */,
				2094A9761C75325D001277E9 /* Resources */,
			);
			buildRules = (
			);
			dependencies = (
			);
			name = Tapper;
			productName = Tapper;
			productReference = 2094A9781C75325D001277E9 /* Tapper.app */;
			productType = "com.apple.product-type.application";
		};
/* End PBXNativeTarget section */

/* Begin PBXProject section */
		2094A9701C75325D001277E9 /* Project object */ = {
			isa = PBXProject;
			attributes = {
				LastSwiftUpdateCheck = 0720;
				LastUpgradeCheck = 0720;
				ORGANIZATIONNAME = "Stuart Hoffman";
				TargetAttributes = {
					2094A9771C75325D001277E9 = {
						CreatedOnToolsVersion = 7.2.1;
					};
				};
			};
			buildConfigurationList = 2094A9731C75325D001277E9 /* Build configuration list for PBXProject "Tapper" */;
			compatibilityVersion = "Xcode 3.2";
			developmentRegion = English;
			hasScannedForEncodings = 0;
			knownRegions = (
				en,
				Base,
			);
			mainGroup = 2094A96F1C75325D001277E9;
			productRefGroup = 2094A9791C75325D001277E9 /* Products */;
			projectDirPath = "";
			projectRoot = "";
			targets = (
				2094A9771C75325D001277E9 /* Tapper */,
			);
		};
/* End PBXProject section */

/* Begin PBXResourcesBuildPhase section */
		2094A9761C75325D001277E9 /* Resources */ = {
			isa = PBXResourcesBuildPhase;
			buildActionMask = 2147483647;
			files = (
				2094A9861C75325D001277E9 /* LaunchScreen.storyboard in Resources */,
				2094A9831C75325D001277E9 /* Assets.xcassets in Resources */,
				2094A9811C75325D001277E9 /* Main.storyboard in Resources */,
			);
			runOnlyForDeploymentPostprocessing = 0;
		};
/* End PBXResourcesBuildPhase section */

/* Begin PBXSourcesBuildPhase section */
		2094A9741C75325D001277E9 /* Sources */ = {
			isa = PBXSourcesBuildPhase;
			buildActionMask = 2147483647;
			files = (
				2094A97E1C75325D001277E9 /* ViewController.swift in Sources */,
				2094A97C1C75325D001277E9 /* AppDelegate.swift in Sources */,
			);
			runOnlyForDeploymentPostprocessing = 0;
		};
/* End PBXSourcesBuildPhase section */

/* Begin PBXVariantGroup section */
		2094A97F1C75325D001277E9 /* Main.storyboard */ = {
			isa = PBXVariantGroup;
			children = (
				2094A9801C75325D001277E9 /* Base */,
			);
			name = Main.storyboard;
			sourceTree = "<group>";
		};
		2094A9841C75325D001277E9 /* LaunchScreen.storyboard */ = {
			isa = PBXVariantGroup;
			children = (
				2094A9851C75325D001277E9 /* Base */,
			);
			name = LaunchScreen.storyboard;
			sourceTree = "<group>";
		};
/* End PBXVariantGroup section */

/* Begin XCBuildConfiguration section */
		2094A9881C75325D001277E9 /* Debug */ = {
			isa = XCBuildConfiguration;
			buildSettings = {
				ALWAYS_SEARCH_USER_PATHS = NO;
				CLANG_CXX_LANGUAGE_STANDARD = "gnu++0x";
				CLANG_CXX_LIBRARY = "libc++";
				CLANG_ENABLE_MODULES = YES;
				CLANG_ENABLE_OBJC_ARC = YES;
				CLANG_WARN_BOOL_CONVERSION = YES;
				CLANG_WARN_CONSTANT_CONVERSION = YES;
				CLANG_WARN_DIRECT_OBJC_ISA_USAGE = YES_ERROR;
				CLANG_WARN_EMPTY_BODY = YES;
				CLANG_WARN_ENUM_CONVERSION = YES;
				CLANG_WARN_INT_CONVERSION = YES;
				CLANG_WARN_OBJC_ROOT_CLASS = YES_ERROR;
				CLANG_WARN_UNREACHABLE_CODE = YES;
				CLANG_WARN__DUPLICATE_METHOD_MATCH = YES;
				"CODE_SIGN_IDENTITY[sdk=iphoneos*]" = "iPhone Developer";
				COPY_PHASE_STRIP = NO;
				DEBUG_INFORMATION_FORMAT = dwarf;
				ENABLE_STRICT_OBJC_MSGSEND = YES;
				ENABLE_TESTABILITY = YES;
				GCC_C_LANGUAGE_STANDARD = gnu99;
				GCC_DYNAMIC_NO_PIC = NO;
				GCC_NO_COMMON_BLOCKS = YES;
				GCC_OPTIMIZATION_LEVEL = 0;
				GCC_PREPROCESSOR_DEFINITIONS = (
					"DEBUG=1",
					"$(inherited)",
				);
				GCC_WARN_64_TO_32_BIT_CONVERSION = YES;
				GCC_WARN_ABOUT_RETURN_TYPE = YES_ERROR;
				GCC_WARN_UNDECLARED_SELECTOR = YES;
				GCC_WARN_UNINITIALIZED_AUTOS = YES_AGGRESSIVE;
				GCC_WARN_UNUSED_FUNCTION = YES;
				GCC_WARN_UNUSED_VARIABLE = YES;
				IPHONEOS_DEPLOYMENT_TARGET = 9.2;
				MTL_ENABLE_DEBUG_INFO = YES;
				ONLY_ACTIVE_ARCH = YES;
				SDKROOT = iphoneos;
				SWIFT_OPTIMIZATION_LEVEL = "-Onone";
			};
			name = Debug;
		};
		2094A9891C75325D001277E9 /* Release */ = {
			isa = XCBuildConfiguration;
			buildSettings = {
				ALWAYS_SEARCH_USER_PATHS = NO;
				CLANG_CXX_LANGUAGE_STANDARD = "gnu++0x";
				CLANG_CXX_LIBRARY = "libc++";
				CLANG_ENABLE_MODULES = YES;
				CLANG_ENABLE_OBJC_ARC = YES;
				CLANG_WARN_BOOL_CONVERSION = YES;
				CLANG_WARN_CONSTANT_CONVERSION = YES;
				CLANG_WARN_DIRECT_OBJC_ISA_USAGE = YES_ERROR;
				CLANG_WARN_EMPTY_BODY = YES;
				CLANG_WARN_ENUM_CONVERSION = YES;
				CLANG_WARN_INT_CONVERSION = YES;
				CLANG_WARN_OBJC_ROOT_CLASS = YES_ERROR;
				CLANG_WARN_UNREACHABLE_CODE = YES;
				CLANG_WARN__DUPLICATE_METHOD_MATCH = YES;
				"CODE_SIGN_IDENTITY[sdk=iphoneos*]" = "iPhone Developer";
				COPY_PHASE_STRIP = NO;
				DEBUG_INFORMATION_FORMAT = "dwarf-with-dsym";
				ENABLE_NS_ASSERTIONS = NO;
				ENABLE_STRICT_OBJC_MSGSEND = YES;
				GCC_C_LANGUAGE_STANDARD = gnu99;
				GCC_NO_COMMON_BLOCKS = YES;
				GCC_WARN_64_TO_32_BIT_CONVERSION = YES;
				GCC_WARN_ABOUT_RETURN_TYPE = YES_ERROR;
				GCC_WARN_UNDECLARED_SELECTOR = YES;
				GCC_WARN_UNINITIALIZED_AUTOS = YES_AGGRESSIVE;
				GCC_WARN_UNUSED_FUNCTION = YES;
				GCC_WARN_UNUSED_VARIABLE = YES;
				IPHONEOS_DEPLOYMENT_TARGET = 9.2;
				MTL_ENABLE_DEBUG_INFO = NO;
				SDKROOT = iphoneos;
				VALIDATE_PRODUCT = YES;
			};
			name = Release;
		};
		2094A98B1C75325D001277E9 /* Debug */ = {
			isa = XCBuildConfiguration;
			buildSettings = {
				ASSETCATALOG_COMPILER_APPICON_NAME = AppIcon;
				INFOPLIST_FILE = Tapper/Info.plist;
				LD_RUNPATH_SEARCH_PATHS = "$(inherited) @executable_path/Frameworks";
				PRODUCT_BUNDLE_IDENTIFIER = com.hoffman.Tapper;
				PRODUCT_NAME = "$(TARGET_NAME)";
			};
			name = Debug;
		};
		2094A98C1C75325D001277E9 /* Release */ = {
			isa = XCBuildConfiguration;
			buildSettings = {
				ASSETCATALOG_COMPILER_APPICON_NAME = AppIcon;
				INFOPLIST_FILE = Tapper/Info.plist;
				LD_RUNPATH_SEARCH_PATHS = "$(inherited) @executable_path/Frameworks";
				PRODUCT_BUNDLE_IDENTIFIER = com.hoffman.Tapper;
				PRODUCT_NAME = "$(TARGET_NAME)";
			};
			name = Release;
		};
/* End XCBuildConfiguration section */

/* Begin XCConfigurationList section */
		2094A9731C75325D001277E9 /* Build configuration list for PBXProject "Tapper" */ = {
			isa = XCConfigurationList;
			buildConfigurations = (
				2094A9881C75325D001277E9 /* Debug */,
				2094A9891C75325D001277E9 /* Release */,
			);
			defaultConfigurationIsVisible = 0;
			defaultConfigurationName = Release;
		};
		2094A98A1C75325D001277E9 /* Build configuration list for PBXNativeTarget "Tapper" */ = {
			isa = XCConfigurationList;
			buildConfigurations = (
				2094A98B1C75325D001277E9 /* Debug */,
				2094A98C1C75325D001277E9 /* Release */,
			);
			defaultConfigurationIsVisible = 0;
		};
/* End XCConfigurationList section */
	};
	rootObject = 2094A9701C75325D001277E9 /* Project object */;
}
